
Microsoft Visual Studio Solution File, Format Version 12.00
# Visual Studio Version 17
VisualStudioVersion = 17.10.35201.131
MinimumVisualStudioVersion = 10.0.40219.1
Project("{9A19103F-16F7-4668-BE54-9A1E7A4F7556}") = "TektonWebAPI", "TektonWebAPI\TektonWebAPI.csproj", "{D609AF73-8813-4B98-ABBC-9A26F32E35ED}"
EndProject
Project("{9A19103F-16F7-4668-BE54-9A1E7A4F7556}") = "TektonWebAPI.Tests", "TektonWebAPI.Tests\TektonWebAPI.Tests.csproj", "{93BA58B7-3DA0-4CB8-99BF-6B39E4849C24}"
EndProject
Project("{9A19103F-16F7-4668-BE54-9A1E7A4F7556}") = "TektonWebAPI.Core", "TektonWebAPI.Core\TektonWebAPI.Core.csproj", "{BFF6AD2C-005B-4CC7-8215-78C5449B6051}"
EndProject
Project("{9A19103F-16F7-4668-BE54-9A1E7A4F7556}") = "TektonWebAPI.Application", "TektonWebAPI.Application\TektonWebAPI.Application.csproj", "{E6E9EB0B-8875-41D6-A2F7-9BFB2358E1FE}"
EndProject
Project("{9A19103F-16F7-4668-BE54-9A1E7A4F7556}") = "TektonWebAPI.Infrastructure", "TektonWebAPI.Infrastructure\TektonWebAPI.Infrastructure.csproj", "{18826F5F-4379-4A86-9878-2F9B2A46B75C}"
EndProject
Project("{2150E333-8FDC-42A3-9474-1A3956D46DE8}") = "SolutionFiles", "SolutionFiles", "{46966526-4DA6-4C17-9D99-D7957B5B8776}"
	ProjectSection(SolutionItems) = preProject
		.dockerignore = .dockerignore
		.gitignore = .gitignore
		README.md = README.md
	EndProjectSection
EndProject
Project("{9A19103F-16F7-4668-BE54-9A1E7A4F7556}") = "TektonWebAPI.Common", "TektonWebAPI.Common\TektonWebAPI.Common\TektonWebAPI.Common.csproj", "{820BA48C-A9BE-470F-A051-A464C6773609}"
EndProject
Project("{E53339B2-1760-4266-BCC7-CA923CBCF16C}") = "docker-compose", "docker-compose.dcproj", "{F7A46A3A-FDAD-481C-8D2B-C6676159C0C6}"
EndProject
Global
	GlobalSection(SolutionConfigurationPlatforms) = preSolution
		Debug|Any CPU = Debug|Any CPU
		Release|Any CPU = Release|Any CPU
	EndGlobalSection
	GlobalSection(ProjectConfigurationPlatforms) = postSolution
		{D609AF73-8813-4B98-ABBC-9A26F32E35ED}.Debug|Any CPU.ActiveCfg = Debug|Any CPU
		{D609AF73-8813-4B98-ABBC-9A26F32E35ED}.Debug|Any CPU.Build.0 = Debug|Any CPU
		{D609AF73-8813-4B98-ABBC-9A26F32E35ED}.Release|Any CPU.ActiveCfg = Release|Any CPU
		{D609AF73-8813-4B98-ABBC-9A26F32E35ED}.Release|Any CPU.Build.0 = Release|Any CPU
		{93BA58B7-3DA0-4CB8-99BF-6B39E4849C24}.Debug|Any CPU.ActiveCfg = Debug|Any CPU
		{93BA58B7-3DA0-4CB8-99BF-6B39E4849C24}.Debug|Any CPU.Build.0 = Debug|Any CPU
		{93BA58B7-3DA0-4CB8-99BF-6B39E4849C24}.Release|Any CPU.ActiveCfg = Release|Any CPU
		{93BA58B7-3DA0-4CB8-99BF-6B39E4849C24}.Release|Any CPU.Build.0 = Release|Any CPU
		{BFF6AD2C-005B-4CC7-8215-78C5449B6051}.Debug|Any CPU.ActiveCfg = Debug|Any CPU
		{BFF6AD2C-005B-4CC7-8215-78C5449B6051}.Debug|Any CPU.Build.0 = Debug|Any CPU
		{BFF6AD2C-005B-4CC7-8215-78C5449B6051}.Release|Any CPU.ActiveCfg = Release|Any CPU
		{BFF6AD2C-005B-4CC7-8215-78C5449B6051}.Release|Any CPU.Build.0 = Release|Any CPU
		{E6E9EB0B-8875-41D6-A2F7-9BFB2358E1FE}.Debug|Any CPU.ActiveCfg = Debug|Any CPU
		{E6E9EB0B-8875-41D6-A2F7-9BFB2358E1FE}.Debug|Any CPU.Build.0 = Debug|Any CPU
		{E6E9EB0B-8875-41D6-A2F7-9BFB2358E1FE}.Release|Any CPU.ActiveCfg = Release|Any CPU
		{E6E9EB0B-8875-41D6-A2F7-9BFB2358E1FE}.Release|Any CPU.Build.0 = Release|Any CPU
		{18826F5F-4379-4A86-9878-2F9B2A46B75C}.Debug|Any CPU.ActiveCfg = Debug|Any CPU
		{18826F5F-4379-4A86-9878-2F9B2A46B75C}.Debug|Any CPU.Build.0 = Debug|Any CPU
		{18826F5F-4379-4A86-9878-2F9B2A46B75C}.Release|Any CPU.ActiveCfg = Release|Any CPU
		{18826F5F-4379-4A86-9878-2F9B2A46B75C}.Release|Any CPU.Build.0 = Release|Any CPU
		{820BA48C-A9BE-470F-A051-A464C6773609}.Debug|Any CPU.ActiveCfg = Debug|Any CPU
		{820BA48C-A9BE-470F-A051-A464C6773609}.Debug|Any CPU.Build.0 = Debug|Any CPU
		{820BA48C-A9BE-470F-A051-A464C6773609}.Release|Any CPU.ActiveCfg = Release|Any CPU
		{820BA48C-A9BE-470F-A051-A464C6773609}.Release|Any CPU.Build.0 = Release|Any CPU
		{F7A46A3A-FDAD-481C-8D2B-C6676159C0C6}.Debug|Any CPU.ActiveCfg = Debug|Any CPU
		{F7A46A3A-FDAD-481C-8D2B-C6676159C0C6}.Debug|Any CPU.Build.0 = Debug|Any CPU
		{F7A46A3A-FDAD-481C-8D2B-C6676159C0C6}.Release|Any CPU.ActiveCfg = Release|Any CPU
		{F7A46A3A-FDAD-481C-8D2B-C6676159C0C6}.Release|Any CPU.Build.0 = Release|Any CPU
	EndGlobalSection
	GlobalSection(SolutionProperties) = preSolution
		HideSolutionNode = FALSE
	EndGlobalSection
	GlobalSection(ExtensibilityGlobals) = postSolution
		SolutionGuid = {626E9F70-D7E6-4CEE-894D-9D077DB072F5}
	EndGlobalSection
EndGlobal
